// !$*UTF8*$!
{
	archiveVersion = 1;
	classes = {
	};
	objectVersion = 46;
	objects = {

/* Begin PBXBuildFile section */
		AB36AA041CD4896000C20DD3 /* AppDelegate.swift in Sources */ = {isa = PBXBuildFile; fileRef = AB36AA031CD4896000C20DD3 /* AppDelegate.swift */; };
		AB36AA061CD4896000C20DD3 /* ViewController.swift in Sources */ = {isa = PBXBuildFile; fileRef = AB36AA051CD4896000C20DD3 /* ViewController.swift */; };
		AB36AA091CD4896000C20DD3 /* Main.storyboard in Resources */ = {isa = PBXBuildFile; fileRef = AB36AA071CD4896000C20DD3 /* Main.storyboard */; };
		AB36AA0B1CD4896000C20DD3 /* Assets.xcassets in Resources */ = {isa = PBXBuildFile; fileRef = AB36AA0A1CD4896000C20DD3 /* Assets.xcassets */; };
		AB36AA0E1CD4896000C20DD3 /* LaunchScreen.storyboard in Resources */ = {isa = PBXBuildFile; fileRef = AB36AA0C1CD4896000C20DD3 /* LaunchScreen.storyboard */; };
		ABBB9C801CD48A30000864DC /* GoldenRatioColorGenerator.swift in Sources */ = {isa = PBXBuildFile; fileRef = ABBB9C7F1CD48A30000864DC /* GoldenRatioColorGenerator.swift */; };
/* End PBXBuildFile section */

/* Begin PBXFileReference section */
		AB36AA001CD4896000C20DD3 /* GoldenRatioColors.app */ = {isa = PBXFileReference; explicitFileType = wrapper.application; includeInIndex = 0; path = GoldenRatioColors.app; sourceTree = BUILT_PRODUCTS_DIR; };
		AB36AA031CD4896000C20DD3 /* AppDelegate.swift */ = {isa = PBXFileReference; lastKnownFileType = sourcecode.swift; path = AppDelegate.swift; sourceTree = "<group>"; };
		AB36AA051CD4896000C20DD3 /* ViewController.swift */ = {isa = PBXFileReference; lastKnownFileType = sourcecode.swift; path = ViewController.swift; sourceTree = "<group>"; };
		AB36AA081CD4896000C20DD3 /* Base */ = {isa = PBXFileReference; lastKnownFileType = file.storyboard; name = Base; path = Base.lproj/Main.storyboard; sourceTree = "<group>"; };
		AB36AA0A1CD4896000C20DD3 /* Assets.xcassets */ = {isa = PBXFileReference; lastKnownFileType = folder.assetcatalog; path = Assets.xcassets; sourceTree = "<group>"; };
		AB36AA0D1CD4896000C20DD3 /* Base */ = {isa = PBXFileReference; lastKnownFileType = file.storyboard; name = Base; path = Base.lproj/LaunchScreen.storyboard; sourceTree = "<group>"; };
		AB36AA0F1CD4896000C20DD3 /* Info.plist */ = {isa = PBXFileReference; lastKnownFileType = text.plist.xml; path = Info.plist; sourceTree = "<group>"; };
		ABBB9C7F1CD48A30000864DC /* GoldenRatioColorGenerator.swift */ = {isa = PBXFileReference; fileEncoding = 4; lastKnownFileType = sourcecode.swift; path = GoldenRatioColorGenerator.swift; sourceTree = "<group>"; };
/* End PBXFileReference section */

/* Begin PBXFrameworksBuildPhase section */
		AB36A9FD1CD4896000C20DD3 /* Frameworks */ = {
			isa = PBXFrameworksBuildPhase;
			buildActionMask = 2147483647;
			files = (
			);
			runOnlyForDeploymentPostprocessing = 0;
		};
/* End PBXFrameworksBuildPhase section */

/* Begin PBXGroup section */
		AB36A9F71CD4896000C20DD3 = {
			isa = PBXGroup;
			children = (
				AB36AA021CD4896000C20DD3 /* GoldenRatioColors */,
				AB36AA011CD4896000C20DD3 /* Products */,
			);
			sourceTree = "<group>";
		};
		AB36AA011CD4896000C20DD3 /* Products */ = {
			isa = PBXGroup;
			children = (
				AB36AA001CD4896000C20DD3 /* GoldenRatioColors.app */,
			);
			name = Products;
			sourceTree = "<group>";
		};
		AB36AA021CD4896000C20DD3 /* GoldenRatioColors */ = {
			isa = PBXGroup;
			children = (
				ABBB9C7F1CD48A30000864DC /* GoldenRatioColorGenerator.swift */,
				AB36AA031CD4896000C20DD3 /* AppDelegate.swift */,
				AB36AA051CD4896000C20DD3 /* ViewController.swift */,
				AB36AA071CD4896000C20DD3 /* Main.storyboard */,
				AB36AA0A1CD4896000C20DD3 /* Assets.xcassets */,
				AB36AA0C1CD4896000C20DD3 /* LaunchScreen.storyboard */,
				AB36AA0F1CD4896000C20DD3 /* Info.plist */,
			);
			path = GoldenRatioColors;
			sourceTree = "<group>";
		};
/* End PBXGroup section */

/* Begin PBXNativeTarget section */
		AB36A9FF1CD4896000C20DD3 /* GoldenRatioColors */ = {
			isa = PBXNativeTarget;
			buildConfigurationList = AB36AA121CD4896000C20DD3 /* Build configuration list for PBXNativeTarget "GoldenRatioColors" */;
			buildPhases = (
				AB36A9FC1CD4896000C20DD3 /* Sources */,
				AB36A9FD1CD4896000C20DD3 /* Frameworks */,
				AB36A9FE1CD4896000C20DD3 /* Resources */,
			);
			buildRules = (
			);
			dependencies = (
			);
			name = GoldenRatioColors;
			productName = GoldenRatioColors;
			productReference = AB36AA001CD4896000C20DD3 /* GoldenRatioColors.app */;
			productType = "com.apple.product-type.application";
		};
/* End PBXNativeTarget section */

/* Begin PBXProject section */
		AB36A9F81CD4896000C20DD3 /* Project object */ = {
			isa = PBXProject;
			attributes = {
				LastSwiftUpdateCheck = 0730;
				LastUpgradeCheck = 0730;
				ORGANIZATIONNAME = Steinlogic;
				TargetAttributes = {
					AB36A9FF1CD4896000C20DD3 = {
						CreatedOnToolsVersion = 7.3;
					};
				};
			};
			buildConfigurationList = AB36A9FB1CD4896000C20DD3 /* Build configuration list for PBXProject "GoldenRatioColors" */;
			compatibilityVersion = "Xcode 3.2";
			developmentRegion = English;
			hasScannedForEncodings = 0;
			knownRegions = (
				en,
				Base,
			);
			mainGroup = AB36A9F71CD4896000C20DD3;
			productRefGroup = AB36AA011CD4896000C20DD3 /* Products */;
			projectDirPath = "";
			projectRoot = "";
			targets = (
				AB36A9FF1CD4896000C20DD3 /* GoldenRatioColors */,
			);
		};
/* End PBXProject section */

/* Begin PBXResourcesBuildPhase section */
		AB36A9FE1CD4896000C20DD3 /* Resources */ = {
			isa = PBXResourcesBuildPhase;
			buildActionMask = 2147483647;
			files = (
				AB36AA0E1CD4896000C20DD3 /* LaunchScreen.storyboard in Resources */,
				AB36AA0B1CD4896000C20DD3 /* Assets.xcassets in Resources */,
				AB36AA091CD4896000C20DD3 /* Main.storyboard in Resources */,
			);
			runOnlyForDeploymentPostprocessing = 0;
		};
/* End PBXResourcesBuildPhase section */

/* Begin PBXSourcesBuildPhase section */
		AB36A9FC1CD4896000C20DD3 /* Sources */ = {
			isa = PBXSourcesBuildPhase;
			buildActionMask = 2147483647;
			files = (
				ABBB9C801CD48A30000864DC /* GoldenRatioColorGenerator.swift in Sources */,
				AB36AA061CD4896000C20DD3 /* ViewController.swift in Sources */,
				AB36AA041CD4896000C20DD3 /* AppDelegate.swift in Sources */,
			);
			runOnlyForDeploymentPostprocessing = 0;
		};
/* End PBXSourcesBuildPhase section */

/* Begin PBXVariantGroup section */
		AB36AA071CD4896000C20DD3 /* Main.storyboard */ = {
			isa = PBXVariantGroup;
			children = (
				AB36AA081CD4896000C20DD3 /* Base */,
			);
			name = Main.storyboard;
			sourceTree = "<group>";
		};
		AB36AA0C1CD4896000C20DD3 /* LaunchScreen.storyboard */ = {
			isa = PBXVariantGroup;
			children = (
				AB36AA0D1CD4896000C20DD3 /* Base */,
			);
			name = LaunchScreen.storyboard;
			sourceTree = "<group>";
		};
/* End PBXVariantGroup section */

/* Begin XCBuildConfiguration section */
		AB36AA101CD4896000C20DD3 /* Debug */ = {
			isa = XCBuildConfiguration;
			buildSettings = {
				ALWAYS_SEARCH_USER_PATHS = NO;
				CLANG_ANALYZER_NONNULL = YES;
				CLANG_CXX_LANGUAGE_STANDARD = "gnu++0x";
				CLANG_CXX_LIBRARY = "libc++";
				CLANG_ENABLE_MODULES = YES;
				CLANG_ENABLE_OBJC_ARC = YES;
				CLANG_WARN_BOOL_CONVERSION = YES;
				CLANG_WARN_CONSTANT_CONVERSION = YES;
				CLANG_WARN_DIRECT_OBJC_ISA_USAGE = YES_ERROR;
				CLANG_WARN_EMPTY_BODY = YES;
				CLANG_WARN_ENUM_CONVERSION = YES;
				CLANG_WARN_INT_CONVERSION = YES;
				CLANG_WARN_OBJC_ROOT_CLASS = YES_ERROR;
				CLANG_WARN_UNREACHABLE_CODE = YES;
				CLANG_WARN__DUPLICATE_METHOD_MATCH = YES;
				"CODE_SIGN_IDENTITY[sdk=iphoneos*]" = "iPhone Developer";
				COPY_PHASE_STRIP = NO;
				DEBUG_INFORMATION_FORMAT = dwarf;
				ENABLE_STRICT_OBJC_MSGSEND = YES;
				ENABLE_TESTABILITY = YES;
				GCC_C_LANGUAGE_STANDARD = gnu99;
				GCC_DYNAMIC_NO_PIC = NO;
				GCC_NO_COMMON_BLOCKS = YES;
				GCC_OPTIMIZATION_LEVEL = 0;
				GCC_PREPROCESSOR_DEFINITIONS = (
					"DEBUG=1",
					"$(inherited)",
				);
				GCC_WARN_64_TO_32_BIT_CONVERSION = YES;
				GCC_WARN_ABOUT_RETURN_TYPE = YES_ERROR;
				GCC_WARN_UNDECLARED_SELECTOR = YES;
				GCC_WARN_UNINITIALIZED_AUTOS = YES_AGGRESSIVE;
				GCC_WARN_UNUSED_FUNCTION = YES;
				GCC_WARN_UNUSED_VARIABLE = YES;
				IPHONEOS_DEPLOYMENT_TARGET = 9.3;
				MTL_ENABLE_DEBUG_INFO = YES;
				ONLY_ACTIVE_ARCH = YES;
				SDKROOT = iphoneos;
				SWIFT_OPTIMIZATION_LEVEL = "-Onone";
				TARGETED_DEVICE_FAMILY = "1,2";
			};
			name = Debug;
		};
		AB36AA111CD4896000C20DD3 /* Release */ = {
			isa = XCBuildConfiguration;
			buildSettings = {
				ALWAYS_SEARCH_USER_PATHS = NO;
				CLANG_ANALYZER_NONNULL = YES;
				CLANG_CXX_LANGUAGE_STANDARD = "gnu++0x";
				CLANG_CXX_LIBRARY = "libc++";
				CLANG_ENABLE_MODULES = YES;
				CLANG_ENABLE_OBJC_ARC = YES;
				CLANG_WARN_BOOL_CONVERSION = YES;
				CLANG_WARN_CONSTANT_CONVERSION = YES;
				CLANG_WARN_DIRECT_OBJC_ISA_USAGE = YES_ERROR;
				CLANG_WARN_EMPTY_BODY = YES;
				CLANG_WARN_ENUM_CONVERSION = YES;
				CLANG_WARN_INT_CONVERSION = YES;
				CLANG_WARN_OBJC_ROOT_CLASS = YES_ERROR;
				CLANG_WARN_UNREACHABLE_CODE = YES;
				CLANG_WARN__DUPLICATE_METHOD_MATCH = YES;
				"CODE_SIGN_IDENTITY[sdk=iphoneos*]" = "iPhone Developer";
				COPY_PHASE_STRIP = NO;
				DEBUG_INFORMATION_FORMAT = "dwarf-with-dsym";
				ENABLE_NS_ASSERTIONS = NO;
				ENABLE_STRICT_OBJC_MSGSEND = YES;
				GCC_C_LANGUAGE_STANDARD = gnu99;
				GCC_NO_COMMON_BLOCKS = YES;
				GCC_WARN_64_TO_32_BIT_CONVERSION = YES;
				GCC_WARN_ABOUT_RETURN_TYPE = YES_ERROR;
				GCC_WARN_UNDECLARED_SELECTOR = YES;
				GCC_WARN_UNINITIALIZED_AUTOS = YES_AGGRESSIVE;
				GCC_WARN_UNUSED_FUNCTION = YES;
				GCC_WARN_UNUSED_VARIABLE = YES;
				IPHONEOS_DEPLOYMENT_TARGET = 9.3;
				MTL_ENABLE_DEBUG_INFO = NO;
				SDKROOT = iphoneos;
				TARGETED_DEVICE_FAMILY = "1,2";
				VALIDATE_PRODUCT = YES;
			};
			name = Release;
		};
		AB36AA131CD4896000C20DD3 /* Debug */ = {
			isa = XCBuildConfiguration;
			buildSettings = {
				ASSETCATALOG_COMPILER_APPICON_NAME = AppIcon;
				INFOPLIST_FILE = GoldenRatioColors/Info.plist;
				LD_RUNPATH_SEARCH_PATHS = "$(inherited) @executable_path/Frameworks";
				PRODUCT_BUNDLE_IDENTIFIER = com.steinlogic.GoldenRatioColors;
				PRODUCT_NAME = "$(TARGET_NAME)";
			};
			name = Debug;
		};
		AB36AA141CD4896000C20DD3 /* Release */ = {
			isa = XCBuildConfiguration;
			buildSettings = {
				ASSETCATALOG_COMPILER_APPICON_NAME = AppIcon;
				INFOPLIST_FILE = GoldenRatioColors/Info.plist;
				LD_RUNPATH_SEARCH_PATHS = "$(inherited) @executable_path/Frameworks";
				PRODUCT_BUNDLE_IDENTIFIER = com.steinlogic.GoldenRatioColors;
				PRODUCT_NAME = "$(TARGET_NAME)";
			};
			name = Release;
		};
/* End XCBuildConfiguration section */

/* Begin XCConfigurationList section */
		AB36A9FB1CD4896000C20DD3 /* Build configuration list for PBXProject "GoldenRatioColors" */ = {
			isa = XCConfigurationList;
			buildConfigurations = (
				AB36AA101CD4896000C20DD3 /* Debug */,
				AB36AA111CD4896000C20DD3 /* Release */,
			);
			defaultConfigurationIsVisible = 0;
			defaultConfigurationName = Release;
		};
		AB36AA121CD4896000C20DD3 /* Build configuration list for PBXNativeTarget "GoldenRatioColors" */ = {
			isa = XCConfigurationList;
			buildConfigurations = (
				AB36AA131CD4896000C20DD3 /* Debug */,
				AB36AA141CD4896000C20DD3 /* Release */,
			);
			defaultConfigurationIsVisible = 0;
			defaultConfigurationName = Release;
		};
/* End XCConfigurationList section */
	};
	rootObject = AB36A9F81CD4896000C20DD3 /* Project object */;
}
